// !$*UTF8*$!
{
	archiveVersion = 1;
	classes = {
	};
	objectVersion = 77;
	objects = {

/* Begin PBXBuildFile section */
		1633E6982DED88E000FBA07A /* FirebaseAuth in Frameworks */ = {isa = PBXBuildFile; productRef = 1529F9002DE8A1200082CA8F /* FirebaseAuth */; };
		1633E6DF2DED8AA700FBA07A /* FirebaseCore in Frameworks */ = {isa = PBXBuildFile; productRef = 1633E6DE2DED8AA700FBA07A /* FirebaseCore */; };
		1633E6E12DED8AA700FBA07A /* FirebaseFirestore in Frameworks */ = {isa = PBXBuildFile; productRef = 1633E6E02DED8AA700FBA07A /* FirebaseFirestore */; };
		16EAEE752DE5CCF800D47BBA /* pet_test.json in Resources */ = {isa = PBXBuildFile; fileRef = 16EAEE742DE5CCF800D47BBA /* pet_test.json */; };
/* End PBXBuildFile section */

/* Begin PBXContainerItemProxy section */
		B8008AFA2DDC0D9100A6419A /* PBXContainerItemProxy */ = {
			isa = PBXContainerItemProxy;
			containerPortal = B8008ADB2DDC0D9000A6419A /* Project object */;
			proxyType = 1;
			remoteGlobalIDString = B8008AE22DDC0D9000A6419A;
			remoteInfo = PetSwipe;
		};
		B8008B042DDC0D9100A6419A /* PBXContainerItemProxy */ = {
			isa = PBXContainerItemProxy;
			containerPortal = B8008ADB2DDC0D9000A6419A /* Project object */;
			proxyType = 1;
			remoteGlobalIDString = B8008AE22DDC0D9000A6419A;
			remoteInfo = PetSwipe;
		};
/* End PBXContainerItemProxy section */

/* Begin PBXFileReference section */
		16EAEE742DE5CCF800D47BBA /* pet_test.json */ = {isa = PBXFileReference; lastKnownFileType = text.json; path = pet_test.json; sourceTree = SOURCE_ROOT; };
		B8008AE32DDC0D9000A6419A /* PetSwipe.app */ = {isa = PBXFileReference; explicitFileType = wrapper.application; includeInIndex = 0; path = PetSwipe.app; sourceTree = BUILT_PRODUCTS_DIR; };
		B8008AF92DDC0D9100A6419A /* PetSwipeTests.xctest */ = {isa = PBXFileReference; explicitFileType = wrapper.cfbundle; includeInIndex = 0; path = PetSwipeTests.xctest; sourceTree = BUILT_PRODUCTS_DIR; };
		B8008B032DDC0D9100A6419A /* PetSwipeUITests.xctest */ = {isa = PBXFileReference; explicitFileType = wrapper.cfbundle; includeInIndex = 0; path = PetSwipeUITests.xctest; sourceTree = BUILT_PRODUCTS_DIR; };
/* End PBXFileReference section */

/* Begin PBXFileSystemSynchronizedBuildFileExceptionSet section */
		1565D6F82DE098A40048B443 /* Exceptions for "PetSwipeTests" folder in "PetSwipe" target */ = {
			isa = PBXFileSystemSynchronizedBuildFileExceptionSet;
			membershipExceptions = (
				DatabaseTest.swift,
			);
			target = B8008AE22DDC0D9000A6419A /* PetSwipe */;
		};
		B8008B0B2DDC0D9100A6419A /* Exceptions for "PetSwipe" folder in "PetSwipe" target */ = {
			isa = PBXFileSystemSynchronizedBuildFileExceptionSet;
			membershipExceptions = (
				Info.plist,
			);
			target = B8008AE22DDC0D9000A6419A /* PetSwipe */;
		};
/* End PBXFileSystemSynchronizedBuildFileExceptionSet section */

/* Begin PBXFileSystemSynchronizedRootGroup section */
		B8008AE52DDC0D9000A6419A /* PetSwipe */ = {
			isa = PBXFileSystemSynchronizedRootGroup;
			exceptions = (
				B8008B0B2DDC0D9100A6419A /* Exceptions for "PetSwipe" folder in "PetSwipe" target */,
			);
			path = PetSwipe;
			sourceTree = "<group>";
		};
		B8008AFC2DDC0D9100A6419A /* PetSwipeTests */ = {
			isa = PBXFileSystemSynchronizedRootGroup;
			exceptions = (
				1565D6F82DE098A40048B443 /* Exceptions for "PetSwipeTests" folder in "PetSwipe" target */,
			);
			path = PetSwipeTests;
			sourceTree = "<group>";
		};
		B8008B062DDC0D9100A6419A /* PetSwipeUITests */ = {
			isa = PBXFileSystemSynchronizedRootGroup;
			path = PetSwipeUITests;
			sourceTree = "<group>";
		};
/* End PBXFileSystemSynchronizedRootGroup section */

/* Begin PBXFrameworksBuildPhase section */
		B8008AE02DDC0D9000A6419A /* Frameworks */ = {
			isa = PBXFrameworksBuildPhase;
			buildActionMask = 2147483647;
			files = (
				1633E6DF2DED8AA700FBA07A /* FirebaseCore in Frameworks */,
				1633E6982DED88E000FBA07A /* FirebaseAuth in Frameworks */,
				1633E6E12DED8AA700FBA07A /* FirebaseFirestore in Frameworks */,
			);
			runOnlyForDeploymentPostprocessing = 0;
		};
		B8008AF62DDC0D9100A6419A /* Frameworks */ = {
			isa = PBXFrameworksBuildPhase;
			buildActionMask = 2147483647;
			files = (
			);
			runOnlyForDeploymentPostprocessing = 0;
		};
		B8008B002DDC0D9100A6419A /* Frameworks */ = {
			isa = PBXFrameworksBuildPhase;
			buildActionMask = 2147483647;
			files = (
			);
			runOnlyForDeploymentPostprocessing = 0;
		};
/* End PBXFrameworksBuildPhase section */

/* Begin PBXGroup section */
		1529F8FF2DE8A1200082CA8F /* Frameworks */ = {
			isa = PBXGroup;
			children = (
			);
			name = Frameworks;
			sourceTree = "<group>";
		};
		B8008ADA2DDC0D9000A6419A = {
			isa = PBXGroup;
			children = (
				16EAEE742DE5CCF800D47BBA /* pet_test.json */,
				B8008AE52DDC0D9000A6419A /* PetSwipe */,
				B8008AFC2DDC0D9100A6419A /* PetSwipeTests */,
				B8008B062DDC0D9100A6419A /* PetSwipeUITests */,
				1529F8FF2DE8A1200082CA8F /* Frameworks */,
				B8008AE42DDC0D9000A6419A /* Products */,
			);
			sourceTree = "<group>";
		};
		B8008AE42DDC0D9000A6419A /* Products */ = {
			isa = PBXGroup;
			children = (
				B8008AE32DDC0D9000A6419A /* PetSwipe.app */,
				B8008AF92DDC0D9100A6419A /* PetSwipeTests.xctest */,
				B8008B032DDC0D9100A6419A /* PetSwipeUITests.xctest */,
			);
			name = Products;
			sourceTree = "<group>";
		};
/* End PBXGroup section */

/* Begin PBXNativeTarget section */
		B8008AE22DDC0D9000A6419A /* PetSwipe */ = {
			isa = PBXNativeTarget;
			buildConfigurationList = B8008B0C2DDC0D9100A6419A /* Build configuration list for PBXNativeTarget "PetSwipe" */;
			buildPhases = (
				B8008ADF2DDC0D9000A6419A /* Sources */,
				B8008AE02DDC0D9000A6419A /* Frameworks */,
				B8008AE12DDC0D9000A6419A /* Resources */,
			);
			buildRules = (
			);
			dependencies = (
			);
			fileSystemSynchronizedGroups = (
				B8008AE52DDC0D9000A6419A /* PetSwipe */,
			);
			name = PetSwipe;
			packageProductDependencies = (
				1529F9002DE8A1200082CA8F /* FirebaseAuth */,
				1633E6DE2DED8AA700FBA07A /* FirebaseCore */,
				1633E6E02DED8AA700FBA07A /* FirebaseFirestore */,
			);
			productName = PetSwipe;
			productReference = B8008AE32DDC0D9000A6419A /* PetSwipe.app */;
			productType = "com.apple.product-type.application";
		};
		B8008AF82DDC0D9100A6419A /* PetSwipeTests */ = {
			isa = PBXNativeTarget;
			buildConfigurationList = B8008B112DDC0D9100A6419A /* Build configuration list for PBXNativeTarget "PetSwipeTests" */;
			buildPhases = (
				B8008AF52DDC0D9100A6419A /* Sources */,
				B8008AF62DDC0D9100A6419A /* Frameworks */,
				B8008AF72DDC0D9100A6419A /* Resources */,
			);
			buildRules = (
			);
			dependencies = (
				B8008AFB2DDC0D9100A6419A /* PBXTargetDependency */,
			);
			fileSystemSynchronizedGroups = (
				B8008AFC2DDC0D9100A6419A /* PetSwipeTests */,
			);
			name = PetSwipeTests;
			packageProductDependencies = (
			);
			productName = PetSwipeTests;
			productReference = B8008AF92DDC0D9100A6419A /* PetSwipeTests.xctest */;
			productType = "com.apple.product-type.bundle.unit-test";
		};
		B8008B022DDC0D9100A6419A /* PetSwipeUITests */ = {
			isa = PBXNativeTarget;
			buildConfigurationList = B8008B142DDC0D9100A6419A /* Build configuration list for PBXNativeTarget "PetSwipeUITests" */;
			buildPhases = (
				B8008AFF2DDC0D9100A6419A /* Sources */,
				B8008B002DDC0D9100A6419A /* Frameworks */,
				B8008B012DDC0D9100A6419A /* Resources */,
			);
			buildRules = (
			);
			dependencies = (
				B8008B052DDC0D9100A6419A /* PBXTargetDependency */,
			);
			fileSystemSynchronizedGroups = (
				B8008B062DDC0D9100A6419A /* PetSwipeUITests */,
			);
			name = PetSwipeUITests;
			packageProductDependencies = (
			);
			productName = PetSwipeUITests;
			productReference = B8008B032DDC0D9100A6419A /* PetSwipeUITests.xctest */;
			productType = "com.apple.product-type.bundle.ui-testing";
		};
/* End PBXNativeTarget section */

/* Begin PBXProject section */
		B8008ADB2DDC0D9000A6419A /* Project object */ = {
			isa = PBXProject;
			attributes = {
				BuildIndependentTargetsInParallel = 1;
				LastSwiftUpdateCheck = 1630;
				LastUpgradeCheck = 1630;
				TargetAttributes = {
					B8008AE22DDC0D9000A6419A = {
						CreatedOnToolsVersion = 16.3;
					};
					B8008AF82DDC0D9100A6419A = {
						CreatedOnToolsVersion = 16.3;
						TestTargetID = B8008AE22DDC0D9000A6419A;
					};
					B8008B022DDC0D9100A6419A = {
						CreatedOnToolsVersion = 16.3;
						TestTargetID = B8008AE22DDC0D9000A6419A;
					};
				};
			};
			buildConfigurationList = B8008ADE2DDC0D9000A6419A /* Build configuration list for PBXProject "PetSwipe" */;
			developmentRegion = en;
			hasScannedForEncodings = 0;
			knownRegions = (
				en,
				Base,
			);
			mainGroup = B8008ADA2DDC0D9000A6419A;
			minimizedProjectReferenceProxies = 1;
			packageReferences = (
				1633E6DD2DED8AA700FBA07A /* XCRemoteSwiftPackageReference "firebase-ios-sdk" */,
			);
			preferredProjectObjectVersion = 77;
			productRefGroup = B8008AE42DDC0D9000A6419A /* Products */;
			projectDirPath = "";
			projectRoot = "";
			targets = (
				B8008AE22DDC0D9000A6419A /* PetSwipe */,
				B8008AF82DDC0D9100A6419A /* PetSwipeTests */,
				B8008B022DDC0D9100A6419A /* PetSwipeUITests */,
			);
		};
/* End PBXProject section */

/* Begin PBXResourcesBuildPhase section */
		B8008AE12DDC0D9000A6419A /* Resources */ = {
			isa = PBXResourcesBuildPhase;
			buildActionMask = 2147483647;
			files = (
				16EAEE752DE5CCF800D47BBA /* pet_test.json in Resources */,
			);
			runOnlyForDeploymentPostprocessing = 0;
		};
		B8008AF72DDC0D9100A6419A /* Resources */ = {
			isa = PBXResourcesBuildPhase;
			buildActionMask = 2147483647;
			files = (
			);
			runOnlyForDeploymentPostprocessing = 0;
		};
		B8008B012DDC0D9100A6419A /* Resources */ = {
			isa = PBXResourcesBuildPhase;
			buildActionMask = 2147483647;
			files = (
			);
			runOnlyForDeploymentPostprocessing = 0;
		};
/* End PBXResourcesBuildPhase section */

/* Begin PBXSourcesBuildPhase section */
		B8008ADF2DDC0D9000A6419A /* Sources */ = {
			isa = PBXSourcesBuildPhase;
			buildActionMask = 2147483647;
			files = (
			);
			runOnlyForDeploymentPostprocessing = 0;
		};
		B8008AF52DDC0D9100A6419A /* Sources */ = {
			isa = PBXSourcesBuildPhase;
			buildActionMask = 2147483647;
			files = (
			);
			runOnlyForDeploymentPostprocessing = 0;
		};
		B8008AFF2DDC0D9100A6419A /* Sources */ = {
			isa = PBXSourcesBuildPhase;
			buildActionMask = 2147483647;
			files = (
			);
			runOnlyForDeploymentPostprocessing = 0;
		};
/* End PBXSourcesBuildPhase section */

/* Begin PBXTargetDependency section */
		B8008AFB2DDC0D9100A6419A /* PBXTargetDependency */ = {
			isa = PBXTargetDependency;
			target = B8008AE22DDC0D9000A6419A /* PetSwipe */;
			targetProxy = B8008AFA2DDC0D9100A6419A /* PBXContainerItemProxy */;
		};
		B8008B052DDC0D9100A6419A /* PBXTargetDependency */ = {
			isa = PBXTargetDependency;
			target = B8008AE22DDC0D9000A6419A /* PetSwipe */;
			targetProxy = B8008B042DDC0D9100A6419A /* PBXContainerItemProxy */;
		};
/* End PBXTargetDependency section */

/* Begin XCBuildConfiguration section */
		B8008B0D2DDC0D9100A6419A /* Debug */ = {
			isa = XCBuildConfiguration;
			buildSettings = {
				ASSETCATALOG_COMPILER_APPICON_NAME = AppIcon;
				ASSETCATALOG_COMPILER_GLOBAL_ACCENT_COLOR_NAME = AccentColor;
				CODE_SIGN_STYLE = Manual;
				CURRENT_PROJECT_VERSION = 1;
				DEVELOPMENT_TEAM = "";
				GENERATE_INFOPLIST_FILE = YES;
				INFOPLIST_FILE = PetSwipe/Info.plist;
				INFOPLIST_KEY_UIApplicationSupportsIndirectInputEvents = YES;
				INFOPLIST_KEY_UILaunchStoryboardName = LaunchScreen;
				INFOPLIST_KEY_UIMainStoryboardFile = Main;
				INFOPLIST_KEY_UISupportedInterfaceOrientations_iPad = "UIInterfaceOrientationPortrait UIInterfaceOrientationPortraitUpsideDown UIInterfaceOrientationLandscapeLeft UIInterfaceOrientationLandscapeRight";
				INFOPLIST_KEY_UISupportedInterfaceOrientations_iPhone = "UIInterfaceOrientationPortrait UIInterfaceOrientationLandscapeLeft UIInterfaceOrientationLandscapeRight";
				LD_RUNPATH_SEARCH_PATHS = (
					"$(inherited)",
					"@executable_path/Frameworks",
				);
				MARKETING_VERSION = 1.0;
				PRODUCT_BUNDLE_IDENTIFIER = INFO499.PetSwipe;
				PRODUCT_NAME = "$(TARGET_NAME)";
				PROVISIONING_PROFILE_SPECIFIER = "";
				SWIFT_EMIT_LOC_STRINGS = YES;
				SWIFT_VERSION = 5.0;
				TARGETED_DEVICE_FAMILY = "1,2";
			};
			name = Debug;
		};
		B8008B0E2DDC0D9100A6419A /* Release */ = {
			isa = XCBuildConfiguration;
			buildSettings = {
				ASSETCATALOG_COMPILER_APPICON_NAME = AppIcon;
				ASSETCATALOG_COMPILER_GLOBAL_ACCENT_COLOR_NAME = AccentColor;
				CODE_SIGN_STYLE = Automatic;
				CURRENT_PROJECT_VERSION = 1;
				DEVELOPMENT_TEAM = 3Z5UKN2724;
				GENERATE_INFOPLIST_FILE = YES;
				INFOPLIST_FILE = PetSwipe/Info.plist;
				INFOPLIST_KEY_UIApplicationSupportsIndirectInputEvents = YES;
				INFOPLIST_KEY_UILaunchStoryboardName = LaunchScreen;
				INFOPLIST_KEY_UIMainStoryboardFile = Main;
				INFOPLIST_KEY_UISupportedInterfaceOrientations_iPad = "UIInterfaceOrientationPortrait UIInterfaceOrientationPortraitUpsideDown UIInterfaceOrientationLandscapeLeft UIInterfaceOrientationLandscapeRight";
				INFOPLIST_KEY_UISupportedInterfaceOrientations_iPhone = "UIInterfaceOrientationPortrait UIInterfaceOrientationLandscapeLeft UIInterfaceOrientationLandscapeRight";
				LD_RUNPATH_SEARCH_PATHS = (
					"$(inherited)",
					"@executable_path/Frameworks",
				);
				MARKETING_VERSION = 1.0;
				PRODUCT_BUNDLE_IDENTIFIER = INFO499.PetSwipe;
				PRODUCT_NAME = "$(TARGET_NAME)";
				SWIFT_EMIT_LOC_STRINGS = YES;
				SWIFT_VERSION = 5.0;
				TARGETED_DEVICE_FAMILY = "1,2";
			};
			name = Release;
		};
		B8008B0F2DDC0D9100A6419A /* Debug */ = {
			isa = XCBuildConfiguration;
			buildSettings = {
				ALWAYS_SEARCH_USER_PATHS = NO;
				ASSETCATALOG_COMPILER_GENERATE_SWIFT_ASSET_SYMBOL_EXTENSIONS = YES;
				CLANG_ANALYZER_NONNULL = YES;
				CLANG_ANALYZER_NUMBER_OBJECT_CONVERSION = YES_AGGRESSIVE;
				CLANG_CXX_LANGUAGE_STANDARD = "gnu++20";
				CLANG_ENABLE_MODULES = YES;
				CLANG_ENABLE_OBJC_ARC = YES;
				CLANG_ENABLE_OBJC_WEAK = YES;
				CLANG_WARN_BLOCK_CAPTURE_AUTORELEASING = YES;
				CLANG_WARN_BOOL_CONVERSION = YES;
				CLANG_WARN_COMMA = YES;
				CLANG_WARN_CONSTANT_CONVERSION = YES;
				CLANG_WARN_DEPRECATED_OBJC_IMPLEMENTATIONS = YES;
				CLANG_WARN_DIRECT_OBJC_ISA_USAGE = YES_ERROR;
				CLANG_WARN_DOCUMENTATION_COMMENTS = YES;
				CLANG_WARN_EMPTY_BODY = YES;
				CLANG_WARN_ENUM_CONVERSION = YES;
				CLANG_WARN_INFINITE_RECURSION = YES;
				CLANG_WARN_INT_CONVERSION = YES;
				CLANG_WARN_NON_LITERAL_NULL_CONVERSION = YES;
				CLANG_WARN_OBJC_IMPLICIT_RETAIN_SELF = YES;
				CLANG_WARN_OBJC_LITERAL_CONVERSION = YES;
				CLANG_WARN_OBJC_ROOT_CLASS = YES_ERROR;
				CLANG_WARN_QUOTED_INCLUDE_IN_FRAMEWORK_HEADER = YES;
				CLANG_WARN_RANGE_LOOP_ANALYSIS = YES;
				CLANG_WARN_STRICT_PROTOTYPES = YES;
				CLANG_WARN_SUSPICIOUS_MOVE = YES;
				CLANG_WARN_UNGUARDED_AVAILABILITY = YES_AGGRESSIVE;
				CLANG_WARN_UNREACHABLE_CODE = YES;
				CLANG_WARN__DUPLICATE_METHOD_MATCH = YES;
				COPY_PHASE_STRIP = NO;
				DEBUG_INFORMATION_FORMAT = dwarf;
				DEVELOPMENT_TEAM = KYSN7K6334;
				ENABLE_STRICT_OBJC_MSGSEND = YES;
				ENABLE_TESTABILITY = YES;
				ENABLE_USER_SCRIPT_SANDBOXING = YES;
				GCC_C_LANGUAGE_STANDARD = gnu17;
				GCC_DYNAMIC_NO_PIC = NO;
				GCC_NO_COMMON_BLOCKS = YES;
				GCC_OPTIMIZATION_LEVEL = 0;
				GCC_PREPROCESSOR_DEFINITIONS = (
					"DEBUG=1",
					"$(inherited)",
				);
				GCC_WARN_64_TO_32_BIT_CONVERSION = YES;
				GCC_WARN_ABOUT_RETURN_TYPE = YES_ERROR;
				GCC_WARN_UNDECLARED_SELECTOR = YES;
				GCC_WARN_UNINITIALIZED_AUTOS = YES_AGGRESSIVE;
				GCC_WARN_UNUSED_FUNCTION = YES;
				GCC_WARN_UNUSED_VARIABLE = YES;
				IPHONEOS_DEPLOYMENT_TARGET = 18.4;
				LOCALIZATION_PREFERS_STRING_CATALOGS = YES;
				MTL_ENABLE_DEBUG_INFO = INCLUDE_SOURCE;
				MTL_FAST_MATH = YES;
				ONLY_ACTIVE_ARCH = YES;
				SDKROOT = iphoneos;
				SWIFT_ACTIVE_COMPILATION_CONDITIONS = "DEBUG $(inherited)";
				SWIFT_OPTIMIZATION_LEVEL = "-Onone";
			};
			name = Debug;
		};
		B8008B102DDC0D9100A6419A /* Release */ = {
			isa = XCBuildConfiguration;
			buildSettings = {
				ALWAYS_SEARCH_USER_PATHS = NO;
				ASSETCATALOG_COMPILER_GENERATE_SWIFT_ASSET_SYMBOL_EXTENSIONS = YES;
				CLANG_ANALYZER_NONNULL = YES;
				CLANG_ANALYZER_NUMBER_OBJECT_CONVERSION = YES_AGGRESSIVE;
				CLANG_CXX_LANGUAGE_STANDARD = "gnu++20";
				CLANG_ENABLE_MODULES = YES;
				CLANG_ENABLE_OBJC_ARC = YES;
				CLANG_ENABLE_OBJC_WEAK = YES;
				CLANG_WARN_BLOCK_CAPTURE_AUTORELEASING = YES;
				CLANG_WARN_BOOL_CONVERSION = YES;
				CLANG_WARN_COMMA = YES;
				CLANG_WARN_CONSTANT_CONVERSION = YES;
				CLANG_WARN_DEPRECATED_OBJC_IMPLEMENTATIONS = YES;
				CLANG_WARN_DIRECT_OBJC_ISA_USAGE = YES_ERROR;
				CLANG_WARN_DOCUMENTATION_COMMENTS = YES;
				CLANG_WARN_EMPTY_BODY = YES;
				CLANG_WARN_ENUM_CONVERSION = YES;
				CLANG_WARN_INFINITE_RECURSION = YES;
				CLANG_WARN_INT_CONVERSION = YES;
				CLANG_WARN_NON_LITERAL_NULL_CONVERSION = YES;
				CLANG_WARN_OBJC_IMPLICIT_RETAIN_SELF = YES;
				CLANG_WARN_OBJC_LITERAL_CONVERSION = YES;
				CLANG_WARN_OBJC_ROOT_CLASS = YES_ERROR;
				CLANG_WARN_QUOTED_INCLUDE_IN_FRAMEWORK_HEADER = YES;
				CLANG_WARN_RANGE_LOOP_ANALYSIS = YES;
				CLANG_WARN_STRICT_PROTOTYPES = YES;
				CLANG_WARN_SUSPICIOUS_MOVE = YES;
				CLANG_WARN_UNGUARDED_AVAILABILITY = YES_AGGRESSIVE;
				CLANG_WARN_UNREACHABLE_CODE = YES;
				CLANG_WARN__DUPLICATE_METHOD_MATCH = YES;
				COPY_PHASE_STRIP = NO;
				DEBUG_INFORMATION_FORMAT = "dwarf-with-dsym";
				DEVELOPMENT_TEAM = KYSN7K6334;
				ENABLE_NS_ASSERTIONS = NO;
				ENABLE_STRICT_OBJC_MSGSEND = YES;
				ENABLE_USER_SCRIPT_SANDBOXING = YES;
				GCC_C_LANGUAGE_STANDARD = gnu17;
				GCC_NO_COMMON_BLOCKS = YES;
				GCC_WARN_64_TO_32_BIT_CONVERSION = YES;
				GCC_WARN_ABOUT_RETURN_TYPE = YES_ERROR;
				GCC_WARN_UNDECLARED_SELECTOR = YES;
				GCC_WARN_UNINITIALIZED_AUTOS = YES_AGGRESSIVE;
				GCC_WARN_UNUSED_FUNCTION = YES;
				GCC_WARN_UNUSED_VARIABLE = YES;
				IPHONEOS_DEPLOYMENT_TARGET = 18.4;
				LOCALIZATION_PREFERS_STRING_CATALOGS = YES;
				MTL_ENABLE_DEBUG_INFO = NO;
				MTL_FAST_MATH = YES;
				SDKROOT = iphoneos;
				SWIFT_COMPILATION_MODE = wholemodule;
				VALIDATE_PRODUCT = YES;
			};
			name = Release;
		};
		B8008B122DDC0D9100A6419A /* Debug */ = {
			isa = XCBuildConfiguration;
			buildSettings = {
				BUNDLE_LOADER = "$(TEST_HOST)";
				CODE_SIGN_STYLE = Automatic;
				CURRENT_PROJECT_VERSION = 1;
				DEVELOPMENT_TEAM = KYSN7K6334;
				GENERATE_INFOPLIST_FILE = YES;
				IPHONEOS_DEPLOYMENT_TARGET = 18.4;
				MARKETING_VERSION = 1.0;
				PRODUCT_BUNDLE_IDENTIFIER = INFO499.PetSwipeTests;
				PRODUCT_NAME = "$(TARGET_NAME)";
				SWIFT_EMIT_LOC_STRINGS = NO;
				SWIFT_VERSION = 5.0;
				TARGETED_DEVICE_FAMILY = "1,2";
				TEST_HOST = "$(BUILT_PRODUCTS_DIR)/PetSwipe.app/$(BUNDLE_EXECUTABLE_FOLDER_PATH)/PetSwipe";
			};
			name = Debug;
		};
		B8008B132DDC0D9100A6419A /* Release */ = {
			isa = XCBuildConfiguration;
			buildSettings = {
				BUNDLE_LOADER = "$(TEST_HOST)";
				CODE_SIGN_STYLE = Automatic;
				CURRENT_PROJECT_VERSION = 1;
				DEVELOPMENT_TEAM = KYSN7K6334;
				GENERATE_INFOPLIST_FILE = YES;
				IPHONEOS_DEPLOYMENT_TARGET = 18.4;
				MARKETING_VERSION = 1.0;
				PRODUCT_BUNDLE_IDENTIFIER = INFO499.PetSwipeTests;
				PRODUCT_NAME = "$(TARGET_NAME)";
				SWIFT_EMIT_LOC_STRINGS = NO;
				SWIFT_VERSION = 5.0;
				TARGETED_DEVICE_FAMILY = "1,2";
				TEST_HOST = "$(BUILT_PRODUCTS_DIR)/PetSwipe.app/$(BUNDLE_EXECUTABLE_FOLDER_PATH)/PetSwipe";
			};
			name = Release;
		};
		B8008B152DDC0D9100A6419A /* Debug */ = {
			isa = XCBuildConfiguration;
			buildSettings = {
				CODE_SIGN_STYLE = Automatic;
				CURRENT_PROJECT_VERSION = 1;
				DEVELOPMENT_TEAM = KYSN7K6334;
				GENERATE_INFOPLIST_FILE = YES;
				MARKETING_VERSION = 1.0;
				PRODUCT_BUNDLE_IDENTIFIER = INFO499.PetSwipeUITests;
				PRODUCT_NAME = "$(TARGET_NAME)";
				SWIFT_EMIT_LOC_STRINGS = NO;
				SWIFT_VERSION = 5.0;
				TARGETED_DEVICE_FAMILY = "1,2";
				TEST_TARGET_NAME = PetSwipe;
			};
			name = Debug;
		};
		B8008B162DDC0D9100A6419A /* Release */ = {
			isa = XCBuildConfiguration;
			buildSettings = {
				CODE_SIGN_STYLE = Automatic;
				CURRENT_PROJECT_VERSION = 1;
				DEVELOPMENT_TEAM = KYSN7K6334;
				GENERATE_INFOPLIST_FILE = YES;
				MARKETING_VERSION = 1.0;
				PRODUCT_BUNDLE_IDENTIFIER = INFO499.PetSwipeUITests;
				PRODUCT_NAME = "$(TARGET_NAME)";
				SWIFT_EMIT_LOC_STRINGS = NO;
				SWIFT_VERSION = 5.0;
				TARGETED_DEVICE_FAMILY = "1,2";
				TEST_TARGET_NAME = PetSwipe;
			};
			name = Release;
		};
/* End XCBuildConfiguration section */

/* Begin XCConfigurationList section */
		B8008ADE2DDC0D9000A6419A /* Build configuration list for PBXProject "PetSwipe" */ = {
			isa = XCConfigurationList;
			buildConfigurations = (
				B8008B0F2DDC0D9100A6419A /* Debug */,
				B8008B102DDC0D9100A6419A /* Release */,
			);
			defaultConfigurationIsVisible = 0;
			defaultConfigurationName = Release;
		};
		B8008B0C2DDC0D9100A6419A /* Build configuration list for PBXNativeTarget "PetSwipe" */ = {
			isa = XCConfigurationList;
			buildConfigurations = (
				B8008B0D2DDC0D9100A6419A /* Debug */,
				B8008B0E2DDC0D9100A6419A /* Release */,
			);
			defaultConfigurationIsVisible = 0;
			defaultConfigurationName = Release;
		};
		B8008B112DDC0D9100A6419A /* Build configuration list for PBXNativeTarget "PetSwipeTests" */ = {
			isa = XCConfigurationList;
			buildConfigurations = (
				B8008B122DDC0D9100A6419A /* Debug */,
				B8008B132DDC0D9100A6419A /* Release */,
			);
			defaultConfigurationIsVisible = 0;
			defaultConfigurationName = Release;
		};
		B8008B142DDC0D9100A6419A /* Build configuration list for PBXNativeTarget "PetSwipeUITests" */ = {
			isa = XCConfigurationList;
			buildConfigurations = (
				B8008B152DDC0D9100A6419A /* Debug */,
				B8008B162DDC0D9100A6419A /* Release */,
			);
			defaultConfigurationIsVisible = 0;
			defaultConfigurationName = Release;
		};
/* End XCConfigurationList section */

/* Begin XCRemoteSwiftPackageReference section */
		1633E6DD2DED8AA700FBA07A /* XCRemoteSwiftPackageReference "firebase-ios-sdk" */ = {
			isa = XCRemoteSwiftPackageReference;
			repositoryURL = "https://github.com/firebase/firebase-ios-sdk";
			requirement = {
				kind = upToNextMajorVersion;
				minimumVersion = 11.13.0;
			};
		};
/* End XCRemoteSwiftPackageReference section */

/* Begin XCSwiftPackageProductDependency section */
		1529F9002DE8A1200082CA8F /* FirebaseAuth */ = {
			isa = XCSwiftPackageProductDependency;
			productName = FirebaseAuth;
		};
		1633E6DE2DED8AA700FBA07A /* FirebaseCore */ = {
			isa = XCSwiftPackageProductDependency;
			package = 1633E6DD2DED8AA700FBA07A /* XCRemoteSwiftPackageReference "firebase-ios-sdk" */;
			productName = FirebaseCore;
		};
		1633E6E02DED8AA700FBA07A /* FirebaseFirestore */ = {
			isa = XCSwiftPackageProductDependency;
			package = 1633E6DD2DED8AA700FBA07A /* XCRemoteSwiftPackageReference "firebase-ios-sdk" */;
			productName = FirebaseFirestore;
		};
/* End XCSwiftPackageProductDependency section */
	};
	rootObject = B8008ADB2DDC0D9000A6419A /* Project object */;
}
